
Microsoft Visual Studio Solution File, Format Version 12.00
# Visual Studio Version 17
VisualStudioVersion = 17.1.32328.378
MinimumVisualStudioVersion = 10.0.40219.1
Project("{FAE04EC0-301F-11D3-BF4B-00C04F79EFBC}") = "EmployeeCRUD.API", "EmployeeCRUD.API\EmployeeCRUD.API.csproj", "{2C38E73C-C5EC-41EF-82A2-A9C747CB25E8}"
EndProject
Project("{FAE04EC0-301F-11D3-BF4B-00C04F79EFBC}") = "EmployeeCRUD.Core", "EmployeeCRUD.Core\EmployeeCRUD.Core.csproj", "{D0168281-A4DC-48C1-A891-140A793DB9BF}"
EndProject
Project("{FAE04EC0-301F-11D3-BF4B-00C04F79EFBC}") = "EmployeeCRUD.Infrastructure", "EmployeeCRUD.Infrastructure\EmployeeCRUD.Infrastructure.csproj", "{10BBCD11-2EFE-4181-A9E3-5314F9F1D757}"
EndProject
Global
	GlobalSection(SolutionConfigurationPlatforms) = preSolution
		Debug|Any CPU = Debug|Any CPU
		Release|Any CPU = Release|Any CPU
	EndGlobalSection
	GlobalSection(ProjectConfigurationPlatforms) = postSolution
		{2C38E73C-C5EC-41EF-82A2-A9C747CB25E8}.Debug|Any CPU.ActiveCfg = Debug|Any CPU
		{2C38E73C-C5EC-41EF-82A2-A9C747CB25E8}.Debug|Any CPU.Build.0 = Debug|Any CPU
		{2C38E73C-C5EC-41EF-82A2-A9C747CB25E8}.Release|Any CPU.ActiveCfg = Release|Any CPU
		{2C38E73C-C5EC-41EF-82A2-A9C747CB25E8}.Release|Any CPU.Build.0 = Release|Any CPU
		{D0168281-A4DC-48C1-A891-140A793DB9BF}.Debug|Any CPU.ActiveCfg = Debug|Any CPU
		{D0168281-A4DC-48C1-A891-140A793DB9BF}.Debug|Any CPU.Build.0 = Debug|Any CPU
		{D0168281-A4DC-48C1-A891-140A793DB9BF}.Release|Any CPU.ActiveCfg = Release|Any CPU
		{D0168281-A4DC-48C1-A891-140A793DB9BF}.Release|Any CPU.Build.0 = Release|Any CPU
		{10BBCD11-2EFE-4181-A9E3-5314F9F1D757}.Debug|Any CPU.ActiveCfg = Debug|Any CPU
		{10BBCD11-2EFE-4181-A9E3-5314F9F1D757}.Debug|Any CPU.Build.0 = Debug|Any CPU
		{10BBCD11-2EFE-4181-A9E3-5314F9F1D757}.Release|Any CPU.ActiveCfg = Release|Any CPU
		{10BBCD11-2EFE-4181-A9E3-5314F9F1D757}.Release|Any CPU.Build.0 = Release|Any CPU
	EndGlobalSection
	GlobalSection(SolutionProperties) = preSolution
		HideSolutionNode = FALSE
	EndGlobalSection
	GlobalSection(ExtensibilityGlobals) = postSolution
		SolutionGuid = {A7F626EE-01A0-4A5A-99B2-B5EBF622142C}
	EndGlobalSection
EndGlobal
